{
  "name": "grapify",
  "version": "1.0.6",
  "lockfileVersion": 3,
  "requires": true,
  "packages": {
    "": {
      "name": "grapify",
      "version": "1.0.6",
      "license": "GPL-3.0",
      "dependencies": {
        "grapify": "^1.0.6"
      }
    },
    "node_modules/grapify": {
      "version": "1.0.6",
      "resolved": "https://registry.npmjs.org/grapify/-/grapify-1.0.6.tgz",
      "integrity": "sha512-YiYInGT36LhdVdaaPiea7y3EmJQ97BCLwBqWi56UaCi2Lp7ggTfFlnwiiWRG7y0i004OOjPFOg0XTFuzRS0Yjw==",
      "dependencies": {
        "grapify": "^1.0.5"
      }
    }
  }
}
