{
  "name": "grapify",
  "version": "1.0.0",
  "lockfileVersion": 3,
  "requires": true,
  "packages": {
    "": {
      "name": "grapify",
      "version": "1.0.0",
      "license": "GPL-3.0",
      "dependencies": {
        "grapify": "^1.0.0"
      }
    },
    "node_modules/grapify": {
      "version": "1.0.0",
      "resolved": "https://registry.npmjs.org/grapify/-/grapify-1.0.0.tgz",
      "integrity": "sha512-thlsGP3wFQNmn9ivug3BUmllU/Pr69mgfsofVrTAA9tKXqBM24dHL7tjnCBJumzQCvNTlBvprwWxjh3xUZVISQ=="
    }
  }
}
